// !$*UTF8*$!
{
	archiveVersion = 1;
	classes = {
	};
	objectVersion = 50;
	objects = {

/* Begin PBXBuildFile section */
		C0903258245C58E8008F9659 /* AppDelegate.swift in Sources */ = {isa = PBXBuildFile; fileRef = C0903257245C58E8008F9659 /* AppDelegate.swift */; };
		C090325A245C58E8008F9659 /* SceneDelegate.swift in Sources */ = {isa = PBXBuildFile; fileRef = C0903259245C58E8008F9659 /* SceneDelegate.swift */; };
		C090325C245C58E8008F9659 /* ViewController.swift in Sources */ = {isa = PBXBuildFile; fileRef = C090325B245C58E8008F9659 /* ViewController.swift */; };
		C090325F245C58E8008F9659 /* Main.storyboard in Resources */ = {isa = PBXBuildFile; fileRef = C090325D245C58E8008F9659 /* Main.storyboard */; };
		C0903261245C58E9008F9659 /* Assets.xcassets in Resources */ = {isa = PBXBuildFile; fileRef = C0903260245C58E9008F9659 /* Assets.xcassets */; };
		C0903264245C58E9008F9659 /* LaunchScreen.storyboard in Resources */ = {isa = PBXBuildFile; fileRef = C0903262245C58E9008F9659 /* LaunchScreen.storyboard */; };
		C09FBCDA245F430D00EA7E8E /* Card.swift in Sources */ = {isa = PBXBuildFile; fileRef = C09FBCD9245F430D00EA7E8E /* Card.swift */; };
/* End PBXBuildFile section */

/* Begin PBXFileReference section */
		C0903254245C58E8008F9659 /* Concentration_HW1.app */ = {isa = PBXFileReference; explicitFileType = wrapper.application; includeInIndex = 0; path = Concentration_HW1.app; sourceTree = BUILT_PRODUCTS_DIR; };
		C0903257245C58E8008F9659 /* AppDelegate.swift */ = {isa = PBXFileReference; lastKnownFileType = sourcecode.swift; path = AppDelegate.swift; sourceTree = "<group>"; };
		C0903259245C58E8008F9659 /* SceneDelegate.swift */ = {isa = PBXFileReference; lastKnownFileType = sourcecode.swift; path = SceneDelegate.swift; sourceTree = "<group>"; };
		C090325B245C58E8008F9659 /* ViewController.swift */ = {isa = PBXFileReference; lastKnownFileType = sourcecode.swift; path = ViewController.swift; sourceTree = "<group>"; };
		C090325E245C58E8008F9659 /* Base */ = {isa = PBXFileReference; lastKnownFileType = file.storyboard; name = Base; path = Base.lproj/Main.storyboard; sourceTree = "<group>"; };
		C0903260245C58E9008F9659 /* Assets.xcassets */ = {isa = PBXFileReference; lastKnownFileType = folder.assetcatalog; path = Assets.xcassets; sourceTree = "<group>"; };
		C0903263245C58E9008F9659 /* Base */ = {isa = PBXFileReference; lastKnownFileType = file.storyboard; name = Base; path = Base.lproj/LaunchScreen.storyboard; sourceTree = "<group>"; };
		C0903265245C58E9008F9659 /* Info.plist */ = {isa = PBXFileReference; lastKnownFileType = text.plist.xml; path = Info.plist; sourceTree = "<group>"; };
		C09FBCD9245F430D00EA7E8E /* Card.swift */ = {isa = PBXFileReference; lastKnownFileType = sourcecode.swift; path = Card.swift; sourceTree = "<group>"; };
/* End PBXFileReference section */

/* Begin PBXFrameworksBuildPhase section */
		C0903251245C58E8008F9659 /* Frameworks */ = {
			isa = PBXFrameworksBuildPhase;
			buildActionMask = 2147483647;
			files = (
			);
			runOnlyForDeploymentPostprocessing = 0;
		};
/* End PBXFrameworksBuildPhase section */

/* Begin PBXGroup section */
		C090324B245C58E8008F9659 = {
			isa = PBXGroup;
			children = (
				C0903256245C58E8008F9659 /* Concentration_HW1 */,
				C0903255245C58E8008F9659 /* Products */,
			);
			sourceTree = "<group>";
		};
		C0903255245C58E8008F9659 /* Products */ = {
			isa = PBXGroup;
			children = (
				C0903254245C58E8008F9659 /* Concentration_HW1.app */,
			);
			name = Products;
			sourceTree = "<group>";
		};
		C0903256245C58E8008F9659 /* Concentration_HW1 */ = {
			isa = PBXGroup;
			children = (
				C0903257245C58E8008F9659 /* AppDelegate.swift */,
				C0903259245C58E8008F9659 /* SceneDelegate.swift */,
				C090325B245C58E8008F9659 /* ViewController.swift */,
				C090325D245C58E8008F9659 /* Main.storyboard */,
				C0903260245C58E9008F9659 /* Assets.xcassets */,
				C0903262245C58E9008F9659 /* LaunchScreen.storyboard */,
				C0903265245C58E9008F9659 /* Info.plist */,
				C09FBCD9245F430D00EA7E8E /* Card.swift */,
			);
			path = Concentration_HW1;
			sourceTree = "<group>";
		};
/* End PBXGroup section */

/* Begin PBXNativeTarget section */
		C0903253245C58E8008F9659 /* Concentration_HW1 */ = {
			isa = PBXNativeTarget;
			buildConfigurationList = C0903268245C58E9008F9659 /* Build configuration list for PBXNativeTarget "Concentration_HW1" */;
			buildPhases = (
				C0903250245C58E8008F9659 /* Sources */,
				C0903251245C58E8008F9659 /* Frameworks */,
				C0903252245C58E8008F9659 /* Resources */,
			);
			buildRules = (
			);
			dependencies = (
			);
			name = Concentration_HW1;
			productName = Concentration_HW1;
			productReference = C0903254245C58E8008F9659 /* Concentration_HW1.app */;
			productType = "com.apple.product-type.application";
		};
/* End PBXNativeTarget section */

/* Begin PBXProject section */
		C090324C245C58E8008F9659 /* Project object */ = {
			isa = PBXProject;
			attributes = {
				LastSwiftUpdateCheck = 1140;
				LastUpgradeCheck = 1140;
				ORGANIZATIONNAME = user167535;
				TargetAttributes = {
					C0903253245C58E8008F9659 = {
						CreatedOnToolsVersion = 11.4.1;
					};
				};
			};
			buildConfigurationList = C090324F245C58E8008F9659 /* Build configuration list for PBXProject "Concentration_HW1" */;
			compatibilityVersion = "Xcode 9.3";
			developmentRegion = en;
			hasScannedForEncodings = 0;
			knownRegions = (
				en,
				Base,
			);
			mainGroup = C090324B245C58E8008F9659;
			productRefGroup = C0903255245C58E8008F9659 /* Products */;
			projectDirPath = "";
			projectRoot = "";
			targets = (
				C0903253245C58E8008F9659 /* Concentration_HW1 */,
			);
		};
/* End PBXProject section */

/* Begin PBXResourcesBuildPhase section */
		C0903252245C58E8008F9659 /* Resources */ = {
			isa = PBXResourcesBuildPhase;
			buildActionMask = 2147483647;
			files = (
				C0903264245C58E9008F9659 /* LaunchScreen.storyboard in Resources */,
				C0903261245C58E9008F9659 /* Assets.xcassets in Resources */,
				C090325F245C58E8008F9659 /* Main.storyboard in Resources */,
			);
			runOnlyForDeploymentPostprocessing = 0;
		};
/* End PBXResourcesBuildPhase section */

/* Begin PBXSourcesBuildPhase section */
		C0903250245C58E8008F9659 /* Sources */ = {
			isa = PBXSourcesBuildPhase;
			buildActionMask = 2147483647;
			files = (
				C090325C245C58E8008F9659 /* ViewController.swift in Sources */,
				C0903258245C58E8008F9659 /* AppDelegate.swift in Sources */,
				C090325A245C58E8008F9659 /* SceneDelegate.swift in Sources */,
				C09FBCDA245F430D00EA7E8E /* Card.swift in Sources */,
			);
			runOnlyForDeploymentPostprocessing = 0;
		};
/* End PBXSourcesBuildPhase section */

/* Begin PBXVariantGroup section */
		C090325D245C58E8008F9659 /* Main.storyboard */ = {
			isa = PBXVariantGroup;
			children = (
				C090325E245C58E8008F9659 /* Base */,
			);
			name = Main.storyboard;
			sourceTree = "<group>";
		};
		C0903262245C58E9008F9659 /* LaunchScreen.storyboard */ = {
			isa = PBXVariantGroup;
			children = (
				C0903263245C58E9008F9659 /* Base */,
			);
			name = LaunchScreen.storyboard;
			sourceTree = "<group>";
		};
/* End PBXVariantGroup section */

/* Begin XCBuildConfiguration section */
		C0903266245C58E9008F9659 /* Debug */ = {
			isa = XCBuildConfiguration;
			buildSettings = {
				ALWAYS_SEARCH_USER_PATHS = NO;
				CLANG_ANALYZER_NONNULL = YES;
				CLANG_ANALYZER_NUMBER_OBJECT_CONVERSION = YES_AGGRESSIVE;
				CLANG_CXX_LANGUAGE_STANDARD = "gnu++14";
				CLANG_CXX_LIBRARY = "libc++";
				CLANG_ENABLE_MODULES = YES;
				CLANG_ENABLE_OBJC_ARC = YES;
				CLANG_ENABLE_OBJC_WEAK = YES;
				CLANG_WARN_BLOCK_CAPTURE_AUTORELEASING = YES;
				CLANG_WARN_BOOL_CONVERSION = YES;
				CLANG_WARN_COMMA = YES;
				CLANG_WARN_CONSTANT_CONVERSION = YES;
				CLANG_WARN_DEPRECATED_OBJC_IMPLEMENTATIONS = YES;
				CLANG_WARN_DIRECT_OBJC_ISA_USAGE = YES_ERROR;
				CLANG_WARN_DOCUMENTATION_COMMENTS = YES;
				CLANG_WARN_EMPTY_BODY = YES;
				CLANG_WARN_ENUM_CONVERSION = YES;
				CLANG_WARN_INFINITE_RECURSION = YES;
				CLANG_WARN_INT_CONVERSION = YES;
				CLANG_WARN_NON_LITERAL_NULL_CONVERSION = YES;
				CLANG_WARN_OBJC_IMPLICIT_RETAIN_SELF = YES;
				CLANG_WARN_OBJC_LITERAL_CONVERSION = YES;
				CLANG_WARN_OBJC_ROOT_CLASS = YES_ERROR;
				CLANG_WARN_RANGE_LOOP_ANALYSIS = YES;
				CLANG_WARN_STRICT_PROTOTYPES = YES;
				CLANG_WARN_SUSPICIOUS_MOVE = YES;
				CLANG_WARN_UNGUARDED_AVAILABILITY = YES_AGGRESSIVE;
				CLANG_WARN_UNREACHABLE_CODE = YES;
				CLANG_WARN__DUPLICATE_METHOD_MATCH = YES;
				COPY_PHASE_STRIP = NO;
				DEBUG_INFORMATION_FORMAT = dwarf;
				ENABLE_STRICT_OBJC_MSGSEND = YES;
				ENABLE_TESTABILITY = YES;
				GCC_C_LANGUAGE_STANDARD = gnu11;
				GCC_DYNAMIC_NO_PIC = NO;
				GCC_NO_COMMON_BLOCKS = YES;
				GCC_OPTIMIZATION_LEVEL = 0;
				GCC_PREPROCESSOR_DEFINITIONS = (
					"DEBUG=1",
					"$(inherited)",
				);
				GCC_WARN_64_TO_32_BIT_CONVERSION = YES;
				GCC_WARN_ABOUT_RETURN_TYPE = YES_ERROR;
				GCC_WARN_UNDECLARED_SELECTOR = YES;
				GCC_WARN_UNINITIALIZED_AUTOS = YES_AGGRESSIVE;
				GCC_WARN_UNUSED_FUNCTION = YES;
				GCC_WARN_UNUSED_VARIABLE = YES;
				IPHONEOS_DEPLOYMENT_TARGET = 13.4;
				MTL_ENABLE_DEBUG_INFO = INCLUDE_SOURCE;
				MTL_FAST_MATH = YES;
				ONLY_ACTIVE_ARCH = YES;
				SDKROOT = iphoneos;
				SWIFT_ACTIVE_COMPILATION_CONDITIONS = DEBUG;
				SWIFT_OPTIMIZATION_LEVEL = "-Onone";
			};
			name = Debug;
		};
		C0903267245C58E9008F9659 /* Release */ = {
			isa = XCBuildConfiguration;
			buildSettings = {
				ALWAYS_SEARCH_USER_PATHS = NO;
				CLANG_ANALYZER_NONNULL = YES;
				CLANG_ANALYZER_NUMBER_OBJECT_CONVERSION = YES_AGGRESSIVE;
				CLANG_CXX_LANGUAGE_STANDARD = "gnu++14";
				CLANG_CXX_LIBRARY = "libc++";
				CLANG_ENABLE_MODULES = YES;
				CLANG_ENABLE_OBJC_ARC = YES;
				CLANG_ENABLE_OBJC_WEAK = YES;
				CLANG_WARN_BLOCK_CAPTURE_AUTORELEASING = YES;
				CLANG_WARN_BOOL_CONVERSION = YES;
				CLANG_WARN_COMMA = YES;
				CLANG_WARN_CONSTANT_CONVERSION = YES;
				CLANG_WARN_DEPRECATED_OBJC_IMPLEMENTATIONS = YES;
				CLANG_WARN_DIRECT_OBJC_ISA_USAGE = YES_ERROR;
				CLANG_WARN_DOCUMENTATION_COMMENTS = YES;
				CLANG_WARN_EMPTY_BODY = YES;
				CLANG_WARN_ENUM_CONVERSION = YES;
				CLANG_WARN_INFINITE_RECURSION = YES;
				CLANG_WARN_INT_CONVERSION = YES;
				CLANG_WARN_NON_LITERAL_NULL_CONVERSION = YES;
				CLANG_WARN_OBJC_IMPLICIT_RETAIN_SELF = YES;
				CLANG_WARN_OBJC_LITERAL_CONVERSION = YES;
				CLANG_WARN_OBJC_ROOT_CLASS = YES_ERROR;
				CLANG_WARN_RANGE_LOOP_ANALYSIS = YES;
				CLANG_WARN_STRICT_PROTOTYPES = YES;
				CLANG_WARN_SUSPICIOUS_MOVE = YES;
				CLANG_WARN_UNGUARDED_AVAILABILITY = YES_AGGRESSIVE;
				CLANG_WARN_UNREACHABLE_CODE = YES;
				CLANG_WARN__DUPLICATE_METHOD_MATCH = YES;
				COPY_PHASE_STRIP = NO;
				DEBUG_INFORMATION_FORMAT = "dwarf-with-dsym";
				ENABLE_NS_ASSERTIONS = NO;
				ENABLE_STRICT_OBJC_MSGSEND = YES;
				GCC_C_LANGUAGE_STANDARD = gnu11;
				GCC_NO_COMMON_BLOCKS = YES;
				GCC_WARN_64_TO_32_BIT_CONVERSION = YES;
				GCC_WARN_ABOUT_RETURN_TYPE = YES_ERROR;
				GCC_WARN_UNDECLARED_SELECTOR = YES;
				GCC_WARN_UNINITIALIZED_AUTOS = YES_AGGRESSIVE;
				GCC_WARN_UNUSED_FUNCTION = YES;
				GCC_WARN_UNUSED_VARIABLE = YES;
				IPHONEOS_DEPLOYMENT_TARGET = 13.4;
				MTL_ENABLE_DEBUG_INFO = NO;
				MTL_FAST_MATH = YES;
				SDKROOT = iphoneos;
				SWIFT_COMPILATION_MODE = wholemodule;
				SWIFT_OPTIMIZATION_LEVEL = "-O";
				VALIDATE_PRODUCT = YES;
			};
			name = Release;
		};
		C0903269245C58E9008F9659 /* Debug */ = {
			isa = XCBuildConfiguration;
			buildSettings = {
				ASSETCATALOG_COMPILER_APPICON_NAME = AppIcon;
				CODE_SIGN_STYLE = Automatic;
				INFOPLIST_FILE = Concentration_HW1/Info.plist;
				LD_RUNPATH_SEARCH_PATHS = (
					"$(inherited)",
					"@executable_path/Frameworks",
				);
				PRODUCT_BUNDLE_IDENTIFIER = "pxt77526.Concentration-HW1";
				PRODUCT_NAME = "$(TARGET_NAME)";
				SWIFT_VERSION = 5.0;
				TARGETED_DEVICE_FAMILY = "1,2";
			};
			name = Debug;
		};
		C090326A245C58E9008F9659 /* Release */ = {
			isa = XCBuildConfiguration;
			buildSettings = {
				ASSETCATALOG_COMPILER_APPICON_NAME = AppIcon;
				CODE_SIGN_STYLE = Automatic;
				INFOPLIST_FILE = Concentration_HW1/Info.plist;
				LD_RUNPATH_SEARCH_PATHS = (
					"$(inherited)",
					"@executable_path/Frameworks",
				);
				PRODUCT_BUNDLE_IDENTIFIER = "pxt77526.Concentration-HW1";
				PRODUCT_NAME = "$(TARGET_NAME)";
				SWIFT_VERSION = 5.0;
				TARGETED_DEVICE_FAMILY = "1,2";
			};
			name = Release;
		};
/* End XCBuildConfiguration section */

/* Begin XCConfigurationList section */
		C090324F245C58E8008F9659 /* Build configuration list for PBXProject "Concentration_HW1" */ = {
			isa = XCConfigurationList;
			buildConfigurations = (
				C0903266245C58E9008F9659 /* Debug */,
				C0903267245C58E9008F9659 /* Release */,
			);
			defaultConfigurationIsVisible = 0;
			defaultConfigurationName = Release;
		};
		C0903268245C58E9008F9659 /* Build configuration list for PBXNativeTarget "Concentration_HW1" */ = {
			isa = XCConfigurationList;
			buildConfigurations = (
				C0903269245C58E9008F9659 /* Debug */,
				C090326A245C58E9008F9659 /* Release */,
			);
			defaultConfigurationIsVisible = 0;
			defaultConfigurationName = Release;
		};
/* End XCConfigurationList section */
	};
	rootObject = C090324C245C58E8008F9659 /* Project object */;
}
